{
  "requires": true,
  "lockfileVersion": 1,
  "dependencies": {
    "express-rate-limit": {
      "version": "5.1.1",
      "resolved": "https://registry.npmjs.org/express-rate-limit/-/express-rate-limit-5.1.1.tgz",
      "integrity": "sha512-puA1zcCx/quwWUOU6pT6daCt6t7SweD9wKChKhb+KSgFMKRwS81C224hiSAUANw/gnSHiwEhgozM/2ezEBZPeA=="
    }
  }
}
